
Microsoft Visual Studio Solution File, Format Version 12.00
# Visual Studio 14
VisualStudioVersion = 14.0.25420.1
MinimumVisualStudioVersion = 10.0.40219.1
Project("{FAE04EC0-301F-11D3-BF4B-00C04F79EFBC}") = "Univem.Pos.Reflection", "Univem.Pos.Reflection\Univem.Pos.Reflection.csproj", "{78744736-2068-44DC-BAC6-B7F40976DE38}"
EndProject
Project("{FAE04EC0-301F-11D3-BF4B-00C04F79EFBC}") = "Univem.Pos.Reflection_Testes", "Univem.Pos.Reflection_Testes\Univem.Pos.Reflection_Testes.csproj", "{89518E81-A1BB-409D-928E-FD61F7241A06}"
EndProject
Global
	GlobalSection(SolutionConfigurationPlatforms) = preSolution
		Debug|Any CPU = Debug|Any CPU
		Release|Any CPU = Release|Any CPU
	EndGlobalSection
	GlobalSection(ProjectConfigurationPlatforms) = postSolution
		{78744736-2068-44DC-BAC6-B7F40976DE38}.Debug|Any CPU.ActiveCfg = Debug|Any CPU
		{78744736-2068-44DC-BAC6-B7F40976DE38}.Debug|Any CPU.Build.0 = Debug|Any CPU
		{78744736-2068-44DC-BAC6-B7F40976DE38}.Release|Any CPU.ActiveCfg = Release|Any CPU
		{78744736-2068-44DC-BAC6-B7F40976DE38}.Release|Any CPU.Build.0 = Release|Any CPU
		{89518E81-A1BB-409D-928E-FD61F7241A06}.Debug|Any CPU.ActiveCfg = Debug|Any CPU
		{89518E81-A1BB-409D-928E-FD61F7241A06}.Debug|Any CPU.Build.0 = Debug|Any CPU
		{89518E81-A1BB-409D-928E-FD61F7241A06}.Release|Any CPU.ActiveCfg = Release|Any CPU
		{89518E81-A1BB-409D-928E-FD61F7241A06}.Release|Any CPU.Build.0 = Release|Any CPU
	EndGlobalSection
	GlobalSection(SolutionProperties) = preSolution
		HideSolutionNode = FALSE
	EndGlobalSection
EndGlobal
